
Microsoft Visual Studio Solution File, Format Version 12.00
# Visual Studio Version 17
VisualStudioVersion = 17.9.34701.34
MinimumVisualStudioVersion = 10.0.40219.1
Project("{FAE04EC0-301F-11D3-BF4B-00C04F79EFBC}") = "Hello00", "Hello00\Hello00.csproj", "{358B34A0-BCE5-411A-B434-6426A8A4D23F}"
EndProject
Global
	GlobalSection(SolutionConfigurationPlatforms) = preSolution
		Debug|Any CPU = Debug|Any CPU
		Release|Any CPU = Release|Any CPU
	EndGlobalSection
	GlobalSection(ProjectConfigurationPlatforms) = postSolution
		{358B34A0-BCE5-411A-B434-6426A8A4D23F}.Debug|Any CPU.ActiveCfg = Debug|Any CPU
		{358B34A0-BCE5-411A-B434-6426A8A4D23F}.Debug|Any CPU.Build.0 = Debug|Any CPU
		{358B34A0-BCE5-411A-B434-6426A8A4D23F}.Release|Any CPU.ActiveCfg = Release|Any CPU
		{358B34A0-BCE5-411A-B434-6426A8A4D23F}.Release|Any CPU.Build.0 = Release|Any CPU
	EndGlobalSection
	GlobalSection(SolutionProperties) = preSolution
		HideSolutionNode = FALSE
	EndGlobalSection
	GlobalSection(ExtensibilityGlobals) = postSolution
		SolutionGuid = {A5718CC4-45AE-474F-8CFA-F93101595C48}
	EndGlobalSection
EndGlobal
